// !$*UTF8*$!
{
	archiveVersion = 1;
	classes = {
	};
	objectVersion = 56;
	objects = {

/* Begin PBXBuildFile section */
		74ADDDD42B88C6FF00D31B2E /* AppDelegate.swift in Sources */ = {isa = PBXBuildFile; fileRef = 74ADDDD32B88C6FF00D31B2E /* AppDelegate.swift */; };
		74ADDDD62B88C6FF00D31B2E /* SceneDelegate.swift in Sources */ = {isa = PBXBuildFile; fileRef = 74ADDDD52B88C6FF00D31B2E /* SceneDelegate.swift */; };
		74ADDDD82B88C6FF00D31B2E /* ViewController.swift in Sources */ = {isa = PBXBuildFile; fileRef = 74ADDDD72B88C6FF00D31B2E /* ViewController.swift */; };
		74ADDDDB2B88C6FF00D31B2E /* Main.storyboard in Resources */ = {isa = PBXBuildFile; fileRef = 74ADDDD92B88C6FF00D31B2E /* Main.storyboard */; };
		74ADDDDD2B88C70100D31B2E /* Assets.xcassets in Resources */ = {isa = PBXBuildFile; fileRef = 74ADDDDC2B88C70100D31B2E /* Assets.xcassets */; };
		74ADDDE02B88C70100D31B2E /* LaunchScreen.storyboard in Resources */ = {isa = PBXBuildFile; fileRef = 74ADDDDE2B88C70100D31B2E /* LaunchScreen.storyboard */; };
		74ADDE0B2B88C93400D31B2E /* B.wav in Resources */ = {isa = PBXBuildFile; fileRef = 74ADDE042B88C93400D31B2E /* B.wav */; };
		74ADDE0C2B88C93400D31B2E /* A.wav in Resources */ = {isa = PBXBuildFile; fileRef = 74ADDE052B88C93400D31B2E /* A.wav */; };
		74ADDE0D2B88C93400D31B2E /* D.wav in Resources */ = {isa = PBXBuildFile; fileRef = 74ADDE062B88C93400D31B2E /* D.wav */; };
		74ADDE0E2B88C93400D31B2E /* F.wav in Resources */ = {isa = PBXBuildFile; fileRef = 74ADDE072B88C93400D31B2E /* F.wav */; };
		74ADDE0F2B88C93400D31B2E /* G.wav in Resources */ = {isa = PBXBuildFile; fileRef = 74ADDE082B88C93400D31B2E /* G.wav */; };
		74ADDE102B88C93400D31B2E /* E.wav in Resources */ = {isa = PBXBuildFile; fileRef = 74ADDE092B88C93400D31B2E /* E.wav */; };
		74ADDE112B88C93400D31B2E /* C.wav in Resources */ = {isa = PBXBuildFile; fileRef = 74ADDE0A2B88C93400D31B2E /* C.wav */; };
		74ADDE172B88E26900D31B2E /* FS.wav in Resources */ = {isa = PBXBuildFile; fileRef = 74ADDE122B88E26900D31B2E /* FS.wav */; };
		74ADDE182B88E26900D31B2E /* CS.wav in Resources */ = {isa = PBXBuildFile; fileRef = 74ADDE132B88E26900D31B2E /* CS.wav */; };
		74ADDE192B88E26900D31B2E /* GS.wav in Resources */ = {isa = PBXBuildFile; fileRef = 74ADDE142B88E26900D31B2E /* GS.wav */; };
		74ADDE1A2B88E26900D31B2E /* DS.wav in Resources */ = {isa = PBXBuildFile; fileRef = 74ADDE152B88E26900D31B2E /* DS.wav */; };
		74ADDE1B2B88E26900D31B2E /* AS.wav in Resources */ = {isa = PBXBuildFile; fileRef = 74ADDE162B88E26900D31B2E /* AS.wav */; };
/* End PBXBuildFile section */

/* Begin PBXFileReference section */
		74ADDDD02B88C6FF00D31B2E /* MyPianoApp.app */ = {isa = PBXFileReference; explicitFileType = wrapper.application; includeInIndex = 0; path = MyPianoApp.app; sourceTree = BUILT_PRODUCTS_DIR; };
		74ADDDD32B88C6FF00D31B2E /* AppDelegate.swift */ = {isa = PBXFileReference; lastKnownFileType = sourcecode.swift; path = AppDelegate.swift; sourceTree = "<group>"; };
		74ADDDD52B88C6FF00D31B2E /* SceneDelegate.swift */ = {isa = PBXFileReference; lastKnownFileType = sourcecode.swift; path = SceneDelegate.swift; sourceTree = "<group>"; };
		74ADDDD72B88C6FF00D31B2E /* ViewController.swift */ = {isa = PBXFileReference; lastKnownFileType = sourcecode.swift; path = ViewController.swift; sourceTree = "<group>"; };
		74ADDDDA2B88C6FF00D31B2E /* Base */ = {isa = PBXFileReference; lastKnownFileType = file.storyboard; name = Base; path = Base.lproj/Main.storyboard; sourceTree = "<group>"; };
		74ADDDDC2B88C70100D31B2E /* Assets.xcassets */ = {isa = PBXFileReference; lastKnownFileType = folder.assetcatalog; path = Assets.xcassets; sourceTree = "<group>"; };
		74ADDDDF2B88C70100D31B2E /* Base */ = {isa = PBXFileReference; lastKnownFileType = file.storyboard; name = Base; path = Base.lproj/LaunchScreen.storyboard; sourceTree = "<group>"; };
		74ADDDE12B88C70100D31B2E /* Info.plist */ = {isa = PBXFileReference; lastKnownFileType = text.plist.xml; path = Info.plist; sourceTree = "<group>"; };
		74ADDE042B88C93400D31B2E /* B.wav */ = {isa = PBXFileReference; lastKnownFileType = audio.wav; path = B.wav; sourceTree = "<group>"; };
		74ADDE052B88C93400D31B2E /* A.wav */ = {isa = PBXFileReference; lastKnownFileType = audio.wav; path = A.wav; sourceTree = "<group>"; };
		74ADDE062B88C93400D31B2E /* D.wav */ = {isa = PBXFileReference; lastKnownFileType = audio.wav; path = D.wav; sourceTree = "<group>"; };
		74ADDE072B88C93400D31B2E /* F.wav */ = {isa = PBXFileReference; lastKnownFileType = audio.wav; path = F.wav; sourceTree = "<group>"; };
		74ADDE082B88C93400D31B2E /* G.wav */ = {isa = PBXFileReference; lastKnownFileType = audio.wav; path = G.wav; sourceTree = "<group>"; };
		74ADDE092B88C93400D31B2E /* E.wav */ = {isa = PBXFileReference; lastKnownFileType = audio.wav; path = E.wav; sourceTree = "<group>"; };
		74ADDE0A2B88C93400D31B2E /* C.wav */ = {isa = PBXFileReference; lastKnownFileType = audio.wav; path = C.wav; sourceTree = "<group>"; };
		74ADDE122B88E26900D31B2E /* FS.wav */ = {isa = PBXFileReference; lastKnownFileType = audio.wav; path = FS.wav; sourceTree = "<group>"; };
		74ADDE132B88E26900D31B2E /* CS.wav */ = {isa = PBXFileReference; lastKnownFileType = audio.wav; path = CS.wav; sourceTree = "<group>"; };
		74ADDE142B88E26900D31B2E /* GS.wav */ = {isa = PBXFileReference; lastKnownFileType = audio.wav; path = GS.wav; sourceTree = "<group>"; };
		74ADDE152B88E26900D31B2E /* DS.wav */ = {isa = PBXFileReference; lastKnownFileType = audio.wav; path = DS.wav; sourceTree = "<group>"; };
		74ADDE162B88E26900D31B2E /* AS.wav */ = {isa = PBXFileReference; lastKnownFileType = audio.wav; path = AS.wav; sourceTree = "<group>"; };
/* End PBXFileReference section */

/* Begin PBXFrameworksBuildPhase section */
		74ADDDCD2B88C6FF00D31B2E /* Frameworks */ = {
			isa = PBXFrameworksBuildPhase;
			buildActionMask = 2147483647;
			files = (
			);
			runOnlyForDeploymentPostprocessing = 0;
		};
/* End PBXFrameworksBuildPhase section */

/* Begin PBXGroup section */
		74ADDDC72B88C6FF00D31B2E = {
			isa = PBXGroup;
			children = (
				74ADDDD22B88C6FF00D31B2E /* MyPianoApp */,
				74ADDDD12B88C6FF00D31B2E /* Products */,
			);
			sourceTree = "<group>";
		};
		74ADDDD12B88C6FF00D31B2E /* Products */ = {
			isa = PBXGroup;
			children = (
				74ADDDD02B88C6FF00D31B2E /* MyPianoApp.app */,
			);
			name = Products;
			sourceTree = "<group>";
		};
		74ADDDD22B88C6FF00D31B2E /* MyPianoApp */ = {
			isa = PBXGroup;
			children = (
				74ADDDF52B88C8D300D31B2E /* Sounds */,
				74ADDDD32B88C6FF00D31B2E /* AppDelegate.swift */,
				74ADDDD52B88C6FF00D31B2E /* SceneDelegate.swift */,
				74ADDDD72B88C6FF00D31B2E /* ViewController.swift */,
				74ADDDD92B88C6FF00D31B2E /* Main.storyboard */,
				74ADDDDC2B88C70100D31B2E /* Assets.xcassets */,
				74ADDDDE2B88C70100D31B2E /* LaunchScreen.storyboard */,
				74ADDDE12B88C70100D31B2E /* Info.plist */,
			);
			path = MyPianoApp;
			sourceTree = "<group>";
		};
		74ADDDF52B88C8D300D31B2E /* Sounds */ = {
			isa = PBXGroup;
			children = (
				74ADDE162B88E26900D31B2E /* AS.wav */,
				74ADDE132B88E26900D31B2E /* CS.wav */,
				74ADDE152B88E26900D31B2E /* DS.wav */,
				74ADDE122B88E26900D31B2E /* FS.wav */,
				74ADDE142B88E26900D31B2E /* GS.wav */,
				74ADDE052B88C93400D31B2E /* A.wav */,
				74ADDE042B88C93400D31B2E /* B.wav */,
				74ADDE0A2B88C93400D31B2E /* C.wav */,
				74ADDE062B88C93400D31B2E /* D.wav */,
				74ADDE092B88C93400D31B2E /* E.wav */,
				74ADDE072B88C93400D31B2E /* F.wav */,
				74ADDE082B88C93400D31B2E /* G.wav */,
			);
			path = Sounds;
			sourceTree = "<group>";
		};
/* End PBXGroup section */

/* Begin PBXNativeTarget section */
		74ADDDCF2B88C6FF00D31B2E /* MyPianoApp */ = {
			isa = PBXNativeTarget;
			buildConfigurationList = 74ADDDE42B88C70100D31B2E /* Build configuration list for PBXNativeTarget "MyPianoApp" */;
			buildPhases = (
				74ADDDCC2B88C6FF00D31B2E /* Sources */,
				74ADDDCD2B88C6FF00D31B2E /* Frameworks */,
				74ADDDCE2B88C6FF00D31B2E /* Resources */,
			);
			buildRules = (
			);
			dependencies = (
			);
			name = MyPianoApp;
			productName = MyPianoApp;
			productReference = 74ADDDD02B88C6FF00D31B2E /* MyPianoApp.app */;
			productType = "com.apple.product-type.application";
		};
/* End PBXNativeTarget section */

/* Begin PBXProject section */
		74ADDDC82B88C6FF00D31B2E /* Project object */ = {
			isa = PBXProject;
			attributes = {
				BuildIndependentTargetsInParallel = 1;
				LastSwiftUpdateCheck = 1520;
				LastUpgradeCheck = 1520;
				TargetAttributes = {
					74ADDDCF2B88C6FF00D31B2E = {
						CreatedOnToolsVersion = 15.2;
					};
				};
			};
			buildConfigurationList = 74ADDDCB2B88C6FF00D31B2E /* Build configuration list for PBXProject "MyPianoApp" */;
			compatibilityVersion = "Xcode 14.0";
			developmentRegion = en;
			hasScannedForEncodings = 0;
			knownRegions = (
				en,
				Base,
			);
			mainGroup = 74ADDDC72B88C6FF00D31B2E;
			productRefGroup = 74ADDDD12B88C6FF00D31B2E /* Products */;
			projectDirPath = "";
			projectRoot = "";
			targets = (
				74ADDDCF2B88C6FF00D31B2E /* MyPianoApp */,
			);
		};
/* End PBXProject section */

/* Begin PBXResourcesBuildPhase section */
		74ADDDCE2B88C6FF00D31B2E /* Resources */ = {
			isa = PBXResourcesBuildPhase;
			buildActionMask = 2147483647;
			files = (
				74ADDE192B88E26900D31B2E /* GS.wav in Resources */,
				74ADDE1A2B88E26900D31B2E /* DS.wav in Resources */,
				74ADDE172B88E26900D31B2E /* FS.wav in Resources */,
				74ADDE0F2B88C93400D31B2E /* G.wav in Resources */,
				74ADDDE02B88C70100D31B2E /* LaunchScreen.storyboard in Resources */,
				74ADDE1B2B88E26900D31B2E /* AS.wav in Resources */,
				74ADDE0E2B88C93400D31B2E /* F.wav in Resources */,
				74ADDE182B88E26900D31B2E /* CS.wav in Resources */,
				74ADDDDD2B88C70100D31B2E /* Assets.xcassets in Resources */,
				74ADDE112B88C93400D31B2E /* C.wav in Resources */,
				74ADDDDB2B88C6FF00D31B2E /* Main.storyboard in Resources */,
				74ADDE0D2B88C93400D31B2E /* D.wav in Resources */,
				74ADDE102B88C93400D31B2E /* E.wav in Resources */,
				74ADDE0C2B88C93400D31B2E /* A.wav in Resources */,
				74ADDE0B2B88C93400D31B2E /* B.wav in Resources */,
			);
			runOnlyForDeploymentPostprocessing = 0;
		};
/* End PBXResourcesBuildPhase section */

/* Begin PBXSourcesBuildPhase section */
		74ADDDCC2B88C6FF00D31B2E /* Sources */ = {
			isa = PBXSourcesBuildPhase;
			buildActionMask = 2147483647;
			files = (
				74ADDDD82B88C6FF00D31B2E /* ViewController.swift in Sources */,
				74ADDDD42B88C6FF00D31B2E /* AppDelegate.swift in Sources */,
				74ADDDD62B88C6FF00D31B2E /* SceneDelegate.swift in Sources */,
			);
			runOnlyForDeploymentPostprocessing = 0;
		};
/* End PBXSourcesBuildPhase section */

/* Begin PBXVariantGroup section */
		74ADDDD92B88C6FF00D31B2E /* Main.storyboard */ = {
			isa = PBXVariantGroup;
			children = (
				74ADDDDA2B88C6FF00D31B2E /* Base */,
			);
			name = Main.storyboard;
			sourceTree = "<group>";
		};
		74ADDDDE2B88C70100D31B2E /* LaunchScreen.storyboard */ = {
			isa = PBXVariantGroup;
			children = (
				74ADDDDF2B88C70100D31B2E /* Base */,
			);
			name = LaunchScreen.storyboard;
			sourceTree = "<group>";
		};
/* End PBXVariantGroup section */

/* Begin XCBuildConfiguration section */
		74ADDDE22B88C70100D31B2E /* Debug */ = {
			isa = XCBuildConfiguration;
			buildSettings = {
				ALWAYS_SEARCH_USER_PATHS = NO;
				ASSETCATALOG_COMPILER_GENERATE_SWIFT_ASSET_SYMBOL_EXTENSIONS = YES;
				CLANG_ANALYZER_NONNULL = YES;
				CLANG_ANALYZER_NUMBER_OBJECT_CONVERSION = YES_AGGRESSIVE;
				CLANG_CXX_LANGUAGE_STANDARD = "gnu++20";
				CLANG_ENABLE_MODULES = YES;
				CLANG_ENABLE_OBJC_ARC = YES;
				CLANG_ENABLE_OBJC_WEAK = YES;
				CLANG_WARN_BLOCK_CAPTURE_AUTORELEASING = YES;
				CLANG_WARN_BOOL_CONVERSION = YES;
				CLANG_WARN_COMMA = YES;
				CLANG_WARN_CONSTANT_CONVERSION = YES;
				CLANG_WARN_DEPRECATED_OBJC_IMPLEMENTATIONS = YES;
				CLANG_WARN_DIRECT_OBJC_ISA_USAGE = YES_ERROR;
				CLANG_WARN_DOCUMENTATION_COMMENTS = YES;
				CLANG_WARN_EMPTY_BODY = YES;
				CLANG_WARN_ENUM_CONVERSION = YES;
				CLANG_WARN_INFINITE_RECURSION = YES;
				CLANG_WARN_INT_CONVERSION = YES;
				CLANG_WARN_NON_LITERAL_NULL_CONVERSION = YES;
				CLANG_WARN_OBJC_IMPLICIT_RETAIN_SELF = YES;
				CLANG_WARN_OBJC_LITERAL_CONVERSION = YES;
				CLANG_WARN_OBJC_ROOT_CLASS = YES_ERROR;
				CLANG_WARN_QUOTED_INCLUDE_IN_FRAMEWORK_HEADER = YES;
				CLANG_WARN_RANGE_LOOP_ANALYSIS = YES;
				CLANG_WARN_STRICT_PROTOTYPES = YES;
				CLANG_WARN_SUSPICIOUS_MOVE = YES;
				CLANG_WARN_UNGUARDED_AVAILABILITY = YES_AGGRESSIVE;
				CLANG_WARN_UNREACHABLE_CODE = YES;
				CLANG_WARN__DUPLICATE_METHOD_MATCH = YES;
				COPY_PHASE_STRIP = NO;
				DEBUG_INFORMATION_FORMAT = dwarf;
				ENABLE_STRICT_OBJC_MSGSEND = YES;
				ENABLE_TESTABILITY = YES;
				ENABLE_USER_SCRIPT_SANDBOXING = YES;
				GCC_C_LANGUAGE_STANDARD = gnu17;
				GCC_DYNAMIC_NO_PIC = NO;
				GCC_NO_COMMON_BLOCKS = YES;
				GCC_OPTIMIZATION_LEVEL = 0;
				GCC_PREPROCESSOR_DEFINITIONS = (
					"DEBUG=1",
					"$(inherited)",
				);
				GCC_WARN_64_TO_32_BIT_CONVERSION = YES;
				GCC_WARN_ABOUT_RETURN_TYPE = YES_ERROR;
				GCC_WARN_UNDECLARED_SELECTOR = YES;
				GCC_WARN_UNINITIALIZED_AUTOS = YES_AGGRESSIVE;
				GCC_WARN_UNUSED_FUNCTION = YES;
				GCC_WARN_UNUSED_VARIABLE = YES;
				IPHONEOS_DEPLOYMENT_TARGET = 17.2;
				LOCALIZATION_PREFERS_STRING_CATALOGS = YES;
				MTL_ENABLE_DEBUG_INFO = INCLUDE_SOURCE;
				MTL_FAST_MATH = YES;
				ONLY_ACTIVE_ARCH = YES;
				SDKROOT = iphoneos;
				SWIFT_ACTIVE_COMPILATION_CONDITIONS = "DEBUG $(inherited)";
				SWIFT_OPTIMIZATION_LEVEL = "-Onone";
			};
			name = Debug;
		};
		74ADDDE32B88C70100D31B2E /* Release */ = {
			isa = XCBuildConfiguration;
			buildSettings = {
				ALWAYS_SEARCH_USER_PATHS = NO;
				ASSETCATALOG_COMPILER_GENERATE_SWIFT_ASSET_SYMBOL_EXTENSIONS = YES;
				CLANG_ANALYZER_NONNULL = YES;
				CLANG_ANALYZER_NUMBER_OBJECT_CONVERSION = YES_AGGRESSIVE;
				CLANG_CXX_LANGUAGE_STANDARD = "gnu++20";
				CLANG_ENABLE_MODULES = YES;
				CLANG_ENABLE_OBJC_ARC = YES;
				CLANG_ENABLE_OBJC_WEAK = YES;
				CLANG_WARN_BLOCK_CAPTURE_AUTORELEASING = YES;
				CLANG_WARN_BOOL_CONVERSION = YES;
				CLANG_WARN_COMMA = YES;
				CLANG_WARN_CONSTANT_CONVERSION = YES;
				CLANG_WARN_DEPRECATED_OBJC_IMPLEMENTATIONS = YES;
				CLANG_WARN_DIRECT_OBJC_ISA_USAGE = YES_ERROR;
				CLANG_WARN_DOCUMENTATION_COMMENTS = YES;
				CLANG_WARN_EMPTY_BODY = YES;
				CLANG_WARN_ENUM_CONVERSION = YES;
				CLANG_WARN_INFINITE_RECURSION = YES;
				CLANG_WARN_INT_CONVERSION = YES;
				CLANG_WARN_NON_LITERAL_NULL_CONVERSION = YES;
				CLANG_WARN_OBJC_IMPLICIT_RETAIN_SELF = YES;
				CLANG_WARN_OBJC_LITERAL_CONVERSION = YES;
				CLANG_WARN_OBJC_ROOT_CLASS = YES_ERROR;
				CLANG_WARN_QUOTED_INCLUDE_IN_FRAMEWORK_HEADER = YES;
				CLANG_WARN_RANGE_LOOP_ANALYSIS = YES;
				CLANG_WARN_STRICT_PROTOTYPES = YES;
				CLANG_WARN_SUSPICIOUS_MOVE = YES;
				CLANG_WARN_UNGUARDED_AVAILABILITY = YES_AGGRESSIVE;
				CLANG_WARN_UNREACHABLE_CODE = YES;
				CLANG_WARN__DUPLICATE_METHOD_MATCH = YES;
				COPY_PHASE_STRIP = NO;
				DEBUG_INFORMATION_FORMAT = "dwarf-with-dsym";
				ENABLE_NS_ASSERTIONS = NO;
				ENABLE_STRICT_OBJC_MSGSEND = YES;
				ENABLE_USER_SCRIPT_SANDBOXING = YES;
				GCC_C_LANGUAGE_STANDARD = gnu17;
				GCC_NO_COMMON_BLOCKS = YES;
				GCC_WARN_64_TO_32_BIT_CONVERSION = YES;
				GCC_WARN_ABOUT_RETURN_TYPE = YES_ERROR;
				GCC_WARN_UNDECLARED_SELECTOR = YES;
				GCC_WARN_UNINITIALIZED_AUTOS = YES_AGGRESSIVE;
				GCC_WARN_UNUSED_FUNCTION = YES;
				GCC_WARN_UNUSED_VARIABLE = YES;
				IPHONEOS_DEPLOYMENT_TARGET = 17.2;
				LOCALIZATION_PREFERS_STRING_CATALOGS = YES;
				MTL_ENABLE_DEBUG_INFO = NO;
				MTL_FAST_MATH = YES;
				SDKROOT = iphoneos;
				SWIFT_COMPILATION_MODE = wholemodule;
				VALIDATE_PRODUCT = YES;
			};
			name = Release;
		};
		74ADDDE52B88C70100D31B2E /* Debug */ = {
			isa = XCBuildConfiguration;
			buildSettings = {
				ASSETCATALOG_COMPILER_APPICON_NAME = AppIcon;
				ASSETCATALOG_COMPILER_GLOBAL_ACCENT_COLOR_NAME = AccentColor;
				CODE_SIGN_STYLE = Automatic;
				CURRENT_PROJECT_VERSION = 1;
				DEVELOPMENT_TEAM = GR5MMS2HDH;
				GENERATE_INFOPLIST_FILE = YES;
				INFOPLIST_FILE = MyPianoApp/Info.plist;
				INFOPLIST_KEY_UIApplicationSupportsIndirectInputEvents = YES;
				INFOPLIST_KEY_UILaunchStoryboardName = LaunchScreen;
				INFOPLIST_KEY_UIMainStoryboardFile = Main;
				INFOPLIST_KEY_UISupportedInterfaceOrientations = "UIInterfaceOrientationLandscapeLeft UIInterfaceOrientationLandscapeRight";
				INFOPLIST_KEY_UISupportedInterfaceOrientations_iPad = "UIInterfaceOrientationLandscapeLeft UIInterfaceOrientationLandscapeRight UIInterfaceOrientationPortrait UIInterfaceOrientationPortraitUpsideDown";
				LD_RUNPATH_SEARCH_PATHS = (
					"$(inherited)",
					"@executable_path/Frameworks",
				);
				MARKETING_VERSION = 1.0;
				PRODUCT_BUNDLE_IDENTIFIER = dev.tiagozanarde.MyPianoApp;
				PRODUCT_NAME = "$(TARGET_NAME)";
				SWIFT_EMIT_LOC_STRINGS = YES;
				SWIFT_VERSION = 5.0;
				TARGETED_DEVICE_FAMILY = "1,2";
			};
			name = Debug;
		};
		74ADDDE62B88C70100D31B2E /* Release */ = {
			isa = XCBuildConfiguration;
			buildSettings = {
				ASSETCATALOG_COMPILER_APPICON_NAME = AppIcon;
				ASSETCATALOG_COMPILER_GLOBAL_ACCENT_COLOR_NAME = AccentColor;
				CODE_SIGN_STYLE = Automatic;
				CURRENT_PROJECT_VERSION = 1;
				DEVELOPMENT_TEAM = GR5MMS2HDH;
				GENERATE_INFOPLIST_FILE = YES;
				INFOPLIST_FILE = MyPianoApp/Info.plist;
				INFOPLIST_KEY_UIApplicationSupportsIndirectInputEvents = YES;
				INFOPLIST_KEY_UILaunchStoryboardName = LaunchScreen;
				INFOPLIST_KEY_UIMainStoryboardFile = Main;
				INFOPLIST_KEY_UISupportedInterfaceOrientations = "UIInterfaceOrientationLandscapeLeft UIInterfaceOrientationLandscapeRight";
				INFOPLIST_KEY_UISupportedInterfaceOrientations_iPad = "UIInterfaceOrientationLandscapeLeft UIInterfaceOrientationLandscapeRight UIInterfaceOrientationPortrait UIInterfaceOrientationPortraitUpsideDown";
				LD_RUNPATH_SEARCH_PATHS = (
					"$(inherited)",
					"@executable_path/Frameworks",
				);
				MARKETING_VERSION = 1.0;
				PRODUCT_BUNDLE_IDENTIFIER = dev.tiagozanarde.MyPianoApp;
				PRODUCT_NAME = "$(TARGET_NAME)";
				SWIFT_EMIT_LOC_STRINGS = YES;
				SWIFT_VERSION = 5.0;
				TARGETED_DEVICE_FAMILY = "1,2";
			};
			name = Release;
		};
/* End XCBuildConfiguration section */

/* Begin XCConfigurationList section */
		74ADDDCB2B88C6FF00D31B2E /* Build configuration list for PBXProject "MyPianoApp" */ = {
			isa = XCConfigurationList;
			buildConfigurations = (
				74ADDDE22B88C70100D31B2E /* Debug */,
				74ADDDE32B88C70100D31B2E /* Release */,
			);
			defaultConfigurationIsVisible = 0;
			defaultConfigurationName = Release;
		};
		74ADDDE42B88C70100D31B2E /* Build configuration list for PBXNativeTarget "MyPianoApp" */ = {
			isa = XCConfigurationList;
			buildConfigurations = (
				74ADDDE52B88C70100D31B2E /* Debug */,
				74ADDDE62B88C70100D31B2E /* Release */,
			);
			defaultConfigurationIsVisible = 0;
			defaultConfigurationName = Release;
		};
/* End XCConfigurationList section */
	};
	rootObject = 74ADDDC82B88C6FF00D31B2E /* Project object */;
}
